
Microsoft Visual Studio Solution File, Format Version 12.00
# Visual Studio Version 16
VisualStudioVersion = 16.0.29905.134
MinimumVisualStudioVersion = 10.0.40219.1
Project("{F184B08F-C81C-45F6-A57F-5ABD9991F28F}") = "BD_Veterinaria", "BD_Veterinaria.vbproj", "{41914059-0D70-41AF-9A7F-D1C3562AFF45}"
EndProject
Global
	GlobalSection(SolutionConfigurationPlatforms) = preSolution
		Debug|Any CPU = Debug|Any CPU
		Release|Any CPU = Release|Any CPU
	EndGlobalSection
	GlobalSection(ProjectConfigurationPlatforms) = postSolution
		{41914059-0D70-41AF-9A7F-D1C3562AFF45}.Debug|Any CPU.ActiveCfg = Debug|Any CPU
		{41914059-0D70-41AF-9A7F-D1C3562AFF45}.Debug|Any CPU.Build.0 = Debug|Any CPU
		{41914059-0D70-41AF-9A7F-D1C3562AFF45}.Release|Any CPU.ActiveCfg = Release|Any CPU
		{41914059-0D70-41AF-9A7F-D1C3562AFF45}.Release|Any CPU.Build.0 = Release|Any CPU
	EndGlobalSection
	GlobalSection(SolutionProperties) = preSolution
		HideSolutionNode = FALSE
	EndGlobalSection
	GlobalSection(ExtensibilityGlobals) = postSolution
		SolutionGuid = {D1CB7A80-304E-4B73-929B-4E0444E02387}
	EndGlobalSection
EndGlobal
